
Microsoft Visual Studio Solution File, Format Version 12.00
# Visual Studio 15
VisualStudioVersion = 15.0.26124.0
MinimumVisualStudioVersion = 15.0.26124.0
Project("{2150E333-8FDC-42A3-9474-1A3956D46DE8}") = "src", "src", "{93C1FB3E-4CDE-4805-8411-E26ED42EC99B}"
EndProject
Project("{FAE04EC0-301F-11D3-BF4B-00C04F79EFBC}") = "SimpleAPI", "src\SimpleAPI\SimpleAPI.csproj", "{DE47BB9B-A7FB-47DE-BC43-383A81CABB5B}"
EndProject
Project("{2150E333-8FDC-42A3-9474-1A3956D46DE8}") = "test", "test", "{D58DD706-EA28-4810-B5F9-3B970805257E}"
EndProject
Project("{FAE04EC0-301F-11D3-BF4B-00C04F79EFBC}") = "SimpleAPI.TEST", "test\SimpleAPI.TEST\SimpleAPI.TEST.csproj", "{A77B8474-EA53-4A13-B942-EA3932D8FED0}"
EndProject
Global
	GlobalSection(SolutionConfigurationPlatforms) = preSolution
		Debug|Any CPU = Debug|Any CPU
		Debug|x64 = Debug|x64
		Debug|x86 = Debug|x86
		Release|Any CPU = Release|Any CPU
		Release|x64 = Release|x64
		Release|x86 = Release|x86
	EndGlobalSection
	GlobalSection(SolutionProperties) = preSolution
		HideSolutionNode = FALSE
	EndGlobalSection
	GlobalSection(ProjectConfigurationPlatforms) = postSolution
		{DE47BB9B-A7FB-47DE-BC43-383A81CABB5B}.Debug|Any CPU.ActiveCfg = Debug|Any CPU
		{DE47BB9B-A7FB-47DE-BC43-383A81CABB5B}.Debug|Any CPU.Build.0 = Debug|Any CPU
		{DE47BB9B-A7FB-47DE-BC43-383A81CABB5B}.Debug|x64.ActiveCfg = Debug|Any CPU
		{DE47BB9B-A7FB-47DE-BC43-383A81CABB5B}.Debug|x64.Build.0 = Debug|Any CPU
		{DE47BB9B-A7FB-47DE-BC43-383A81CABB5B}.Debug|x86.ActiveCfg = Debug|Any CPU
		{DE47BB9B-A7FB-47DE-BC43-383A81CABB5B}.Debug|x86.Build.0 = Debug|Any CPU
		{DE47BB9B-A7FB-47DE-BC43-383A81CABB5B}.Release|Any CPU.ActiveCfg = Release|Any CPU
		{DE47BB9B-A7FB-47DE-BC43-383A81CABB5B}.Release|Any CPU.Build.0 = Release|Any CPU
		{DE47BB9B-A7FB-47DE-BC43-383A81CABB5B}.Release|x64.ActiveCfg = Release|Any CPU
		{DE47BB9B-A7FB-47DE-BC43-383A81CABB5B}.Release|x64.Build.0 = Release|Any CPU
		{DE47BB9B-A7FB-47DE-BC43-383A81CABB5B}.Release|x86.ActiveCfg = Release|Any CPU
		{DE47BB9B-A7FB-47DE-BC43-383A81CABB5B}.Release|x86.Build.0 = Release|Any CPU
		{A77B8474-EA53-4A13-B942-EA3932D8FED0}.Debug|Any CPU.ActiveCfg = Debug|Any CPU
		{A77B8474-EA53-4A13-B942-EA3932D8FED0}.Debug|Any CPU.Build.0 = Debug|Any CPU
		{A77B8474-EA53-4A13-B942-EA3932D8FED0}.Debug|x64.ActiveCfg = Debug|Any CPU
		{A77B8474-EA53-4A13-B942-EA3932D8FED0}.Debug|x64.Build.0 = Debug|Any CPU
		{A77B8474-EA53-4A13-B942-EA3932D8FED0}.Debug|x86.ActiveCfg = Debug|Any CPU
		{A77B8474-EA53-4A13-B942-EA3932D8FED0}.Debug|x86.Build.0 = Debug|Any CPU
		{A77B8474-EA53-4A13-B942-EA3932D8FED0}.Release|Any CPU.ActiveCfg = Release|Any CPU
		{A77B8474-EA53-4A13-B942-EA3932D8FED0}.Release|Any CPU.Build.0 = Release|Any CPU
		{A77B8474-EA53-4A13-B942-EA3932D8FED0}.Release|x64.ActiveCfg = Release|Any CPU
		{A77B8474-EA53-4A13-B942-EA3932D8FED0}.Release|x64.Build.0 = Release|Any CPU
		{A77B8474-EA53-4A13-B942-EA3932D8FED0}.Release|x86.ActiveCfg = Release|Any CPU
		{A77B8474-EA53-4A13-B942-EA3932D8FED0}.Release|x86.Build.0 = Release|Any CPU
	EndGlobalSection
	GlobalSection(NestedProjects) = preSolution
		{DE47BB9B-A7FB-47DE-BC43-383A81CABB5B} = {93C1FB3E-4CDE-4805-8411-E26ED42EC99B}
		{A77B8474-EA53-4A13-B942-EA3932D8FED0} = {D58DD706-EA28-4810-B5F9-3B970805257E}
	EndGlobalSection
EndGlobal
